// !$*UTF8*$!
{
	archiveVersion = 1;
	classes = {
	};
	objectVersion = 46;
	objects = {

/* Begin PBXBuildFile section */
		181D52771CBD32D000A1ECFA /* main.m in Sources */ = {isa = PBXBuildFile; fileRef = 181D52761CBD32D000A1ECFA /* main.m */; };
		181D527A1CBD32D000A1ECFA /* AppDelegate.m in Sources */ = {isa = PBXBuildFile; fileRef = 181D52791CBD32D000A1ECFA /* AppDelegate.m */; };
		181D527D1CBD32D000A1ECFA /* ViewController.m in Sources */ = {isa = PBXBuildFile; fileRef = 181D527C1CBD32D000A1ECFA /* ViewController.m */; };
		181D52801CBD32D000A1ECFA /* Main.storyboard in Resources */ = {isa = PBXBuildFile; fileRef = 181D527E1CBD32D000A1ECFA /* Main.storyboard */; };
		181D52821CBD32D000A1ECFA /* Assets.xcassets in Resources */ = {isa = PBXBuildFile; fileRef = 181D52811CBD32D000A1ECFA /* Assets.xcassets */; };
		181D52851CBD32D000A1ECFA /* LaunchScreen.storyboard in Resources */ = {isa = PBXBuildFile; fileRef = 181D52831CBD32D000A1ECFA /* LaunchScreen.storyboard */; };
		181D52901CBD32D000A1ECFA /* iosNeteaseNewsTests.m in Sources */ = {isa = PBXBuildFile; fileRef = 181D528F1CBD32D000A1ECFA /* iosNeteaseNewsTests.m */; };
		181D529B1CBD32D000A1ECFA /* iosNeteaseNewsUITests.m in Sources */ = {isa = PBXBuildFile; fileRef = 181D529A1CBD32D000A1ECFA /* iosNeteaseNewsUITests.m */; };
/* End PBXBuildFile section */

/* Begin PBXContainerItemProxy section */
		181D528C1CBD32D000A1ECFA /* PBXContainerItemProxy */ = {
			isa = PBXContainerItemProxy;
			containerPortal = 181D526A1CBD32D000A1ECFA /* Project object */;
			proxyType = 1;
			remoteGlobalIDString = 181D52711CBD32D000A1ECFA;
			remoteInfo = iosNeteaseNews;
		};
		181D52971CBD32D000A1ECFA /* PBXContainerItemProxy */ = {
			isa = PBXContainerItemProxy;
			containerPortal = 181D526A1CBD32D000A1ECFA /* Project object */;
			proxyType = 1;
			remoteGlobalIDString = 181D52711CBD32D000A1ECFA;
			remoteInfo = iosNeteaseNews;
		};
/* End PBXContainerItemProxy section */

/* Begin PBXFileReference section */
		181D52721CBD32D000A1ECFA /* iosNeteaseNews.app */ = {isa = PBXFileReference; explicitFileType = wrapper.application; includeInIndex = 0; path = iosNeteaseNews.app; sourceTree = BUILT_PRODUCTS_DIR; };
		181D52761CBD32D000A1ECFA /* main.m */ = {isa = PBXFileReference; lastKnownFileType = sourcecode.c.objc; path = main.m; sourceTree = "<group>"; };
		181D52781CBD32D000A1ECFA /* AppDelegate.h */ = {isa = PBXFileReference; lastKnownFileType = sourcecode.c.h; path = AppDelegate.h; sourceTree = "<group>"; };
		181D52791CBD32D000A1ECFA /* AppDelegate.m */ = {isa = PBXFileReference; lastKnownFileType = sourcecode.c.objc; path = AppDelegate.m; sourceTree = "<group>"; };
		181D527B1CBD32D000A1ECFA /* ViewController.h */ = {isa = PBXFileReference; lastKnownFileType = sourcecode.c.h; path = ViewController.h; sourceTree = "<group>"; };
		181D527C1CBD32D000A1ECFA /* ViewController.m */ = {isa = PBXFileReference; lastKnownFileType = sourcecode.c.objc; path = ViewController.m; sourceTree = "<group>"; };
		181D527F1CBD32D000A1ECFA /* Base */ = {isa = PBXFileReference; lastKnownFileType = file.storyboard; name = Base; path = Base.lproj/Main.storyboard; sourceTree = "<group>"; };
		181D52811CBD32D000A1ECFA /* Assets.xcassets */ = {isa = PBXFileReference; lastKnownFileType = folder.assetcatalog; path = Assets.xcassets; sourceTree = "<group>"; };
		181D52841CBD32D000A1ECFA /* Base */ = {isa = PBXFileReference; lastKnownFileType = file.storyboard; name = Base; path = Base.lproj/LaunchScreen.storyboard; sourceTree = "<group>"; };
		181D52861CBD32D000A1ECFA /* Info.plist */ = {isa = PBXFileReference; lastKnownFileType = text.plist.xml; path = Info.plist; sourceTree = "<group>"; };
		181D528B1CBD32D000A1ECFA /* iosNeteaseNewsTests.xctest */ = {isa = PBXFileReference; explicitFileType = wrapper.cfbundle; includeInIndex = 0; path = iosNeteaseNewsTests.xctest; sourceTree = BUILT_PRODUCTS_DIR; };
		181D528F1CBD32D000A1ECFA /* iosNeteaseNewsTests.m */ = {isa = PBXFileReference; lastKnownFileType = sourcecode.c.objc; path = iosNeteaseNewsTests.m; sourceTree = "<group>"; };
		181D52911CBD32D000A1ECFA /* Info.plist */ = {isa = PBXFileReference; lastKnownFileType = text.plist.xml; path = Info.plist; sourceTree = "<group>"; };
		181D52961CBD32D000A1ECFA /* iosNeteaseNewsUITests.xctest */ = {isa = PBXFileReference; explicitFileType = wrapper.cfbundle; includeInIndex = 0; path = iosNeteaseNewsUITests.xctest; sourceTree = BUILT_PRODUCTS_DIR; };
		181D529A1CBD32D000A1ECFA /* iosNeteaseNewsUITests.m */ = {isa = PBXFileReference; lastKnownFileType = sourcecode.c.objc; path = iosNeteaseNewsUITests.m; sourceTree = "<group>"; };
		181D529C1CBD32D000A1ECFA /* Info.plist */ = {isa = PBXFileReference; lastKnownFileType = text.plist.xml; path = Info.plist; sourceTree = "<group>"; };
/* End PBXFileReference section */

/* Begin PBXFrameworksBuildPhase section */
		181D526F1CBD32D000A1ECFA /* Frameworks */ = {
			isa = PBXFrameworksBuildPhase;
			buildActionMask = 2147483647;
			files = (
			);
			runOnlyForDeploymentPostprocessing = 0;
		};
		181D52881CBD32D000A1ECFA /* Frameworks */ = {
			isa = PBXFrameworksBuildPhase;
			buildActionMask = 2147483647;
			files = (
			);
			runOnlyForDeploymentPostprocessing = 0;
		};
		181D52931CBD32D000A1ECFA /* Frameworks */ = {
			isa = PBXFrameworksBuildPhase;
			buildActionMask = 2147483647;
			files = (
			);
			runOnlyForDeploymentPostprocessing = 0;
		};
/* End PBXFrameworksBuildPhase section */

/* Begin PBXGroup section */
		181D52691CBD32D000A1ECFA = {
			isa = PBXGroup;
			children = (
				181D52741CBD32D000A1ECFA /* iosNeteaseNews */,
				181D528E1CBD32D000A1ECFA /* iosNeteaseNewsTests */,
				181D52991CBD32D000A1ECFA /* iosNeteaseNewsUITests */,
				181D52731CBD32D000A1ECFA /* Products */,
			);
			sourceTree = "<group>";
		};
		181D52731CBD32D000A1ECFA /* Products */ = {
			isa = PBXGroup;
			children = (
				181D52721CBD32D000A1ECFA /* iosNeteaseNews.app */,
				181D528B1CBD32D000A1ECFA /* iosNeteaseNewsTests.xctest */,
				181D52961CBD32D000A1ECFA /* iosNeteaseNewsUITests.xctest */,
			);
			name = Products;
			sourceTree = "<group>";
		};
		181D52741CBD32D000A1ECFA /* iosNeteaseNews */ = {
			isa = PBXGroup;
			children = (
				181D52781CBD32D000A1ECFA /* AppDelegate.h */,
				181D52791CBD32D000A1ECFA /* AppDelegate.m */,
				181D527B1CBD32D000A1ECFA /* ViewController.h */,
				181D527C1CBD32D000A1ECFA /* ViewController.m */,
				181D527E1CBD32D000A1ECFA /* Main.storyboard */,
				181D52811CBD32D000A1ECFA /* Assets.xcassets */,
				181D52831CBD32D000A1ECFA /* LaunchScreen.storyboard */,
				181D52861CBD32D000A1ECFA /* Info.plist */,
				181D52751CBD32D000A1ECFA /* Supporting Files */,
			);
			path = iosNeteaseNews;
			sourceTree = "<group>";
		};
		181D52751CBD32D000A1ECFA /* Supporting Files */ = {
			isa = PBXGroup;
			children = (
				181D52761CBD32D000A1ECFA /* main.m */,
			);
			name = "Supporting Files";
			sourceTree = "<group>";
		};
		181D528E1CBD32D000A1ECFA /* iosNeteaseNewsTests */ = {
			isa = PBXGroup;
			children = (
				181D528F1CBD32D000A1ECFA /* iosNeteaseNewsTests.m */,
				181D52911CBD32D000A1ECFA /* Info.plist */,
			);
			path = iosNeteaseNewsTests;
			sourceTree = "<group>";
		};
		181D52991CBD32D000A1ECFA /* iosNeteaseNewsUITests */ = {
			isa = PBXGroup;
			children = (
				181D529A1CBD32D000A1ECFA /* iosNeteaseNewsUITests.m */,
				181D529C1CBD32D000A1ECFA /* Info.plist */,
			);
			path = iosNeteaseNewsUITests;
			sourceTree = "<group>";
		};
/* End PBXGroup section */

/* Begin PBXNativeTarget section */
		181D52711CBD32D000A1ECFA /* iosNeteaseNews */ = {
			isa = PBXNativeTarget;
			buildConfigurationList = 181D529F1CBD32D000A1ECFA /* Build configuration list for PBXNativeTarget "iosNeteaseNews" */;
			buildPhases = (
				181D526E1CBD32D000A1ECFA /* Sources */,
				181D526F1CBD32D000A1ECFA /* Frameworks */,
				181D52701CBD32D000A1ECFA /* Resources */,
			);
			buildRules = (
			);
			dependencies = (
			);
			name = iosNeteaseNews;
			productName = iosNeteaseNews;
			productReference = 181D52721CBD32D000A1ECFA /* iosNeteaseNews.app */;
			productType = "com.apple.product-type.application";
		};
		181D528A1CBD32D000A1ECFA /* iosNeteaseNewsTests */ = {
			isa = PBXNativeTarget;
			buildConfigurationList = 181D52A21CBD32D000A1ECFA /* Build configuration list for PBXNativeTarget "iosNeteaseNewsTests" */;
			buildPhases = (
				181D52871CBD32D000A1ECFA /* Sources */,
				181D52881CBD32D000A1ECFA /* Frameworks */,
				181D52891CBD32D000A1ECFA /* Resources */,
			);
			buildRules = (
			);
			dependencies = (
				181D528D1CBD32D000A1ECFA /* PBXTargetDependency */,
			);
			name = iosNeteaseNewsTests;
			productName = iosNeteaseNewsTests;
			productReference = 181D528B1CBD32D000A1ECFA /* iosNeteaseNewsTests.xctest */;
			productType = "com.apple.product-type.bundle.unit-test";
		};
		181D52951CBD32D000A1ECFA /* iosNeteaseNewsUITests */ = {
			isa = PBXNativeTarget;
			buildConfigurationList = 181D52A51CBD32D000A1ECFA /* Build configuration list for PBXNativeTarget "iosNeteaseNewsUITests" */;
			buildPhases = (
				181D52921CBD32D000A1ECFA /* Sources */,
				181D52931CBD32D000A1ECFA /* Frameworks */,
				181D52941CBD32D000A1ECFA /* Resources */,
			);
			buildRules = (
			);
			dependencies = (
				181D52981CBD32D000A1ECFA /* PBXTargetDependency */,
			);
			name = iosNeteaseNewsUITests;
			productName = iosNeteaseNewsUITests;
			productReference = 181D52961CBD32D000A1ECFA /* iosNeteaseNewsUITests.xctest */;
			productType = "com.apple.product-type.bundle.ui-testing";
		};
/* End PBXNativeTarget section */

/* Begin PBXProject section */
		181D526A1CBD32D000A1ECFA /* Project object */ = {
			isa = PBXProject;
			attributes = {
				LastUpgradeCheck = 0710;
				ORGANIZATIONNAME = lzm;
				TargetAttributes = {
					181D52711CBD32D000A1ECFA = {
						CreatedOnToolsVersion = 7.1.1;
					};
					181D528A1CBD32D000A1ECFA = {
						CreatedOnToolsVersion = 7.1.1;
						TestTargetID = 181D52711CBD32D000A1ECFA;
					};
					181D52951CBD32D000A1ECFA = {
						CreatedOnToolsVersion = 7.1.1;
						TestTargetID = 181D52711CBD32D000A1ECFA;
					};
				};
			};
			buildConfigurationList = 181D526D1CBD32D000A1ECFA /* Build configuration list for PBXProject "iosNeteaseNews" */;
			compatibilityVersion = "Xcode 3.2";
			developmentRegion = English;
			hasScannedForEncodings = 0;
			knownRegions = (
				en,
				Base,
			);
			mainGroup = 181D52691CBD32D000A1ECFA;
			productRefGroup = 181D52731CBD32D000A1ECFA /* Products */;
			projectDirPath = "";
			projectRoot = "";
			targets = (
				181D52711CBD32D000A1ECFA /* iosNeteaseNews */,
				181D528A1CBD32D000A1ECFA /* iosNeteaseNewsTests */,
				181D52951CBD32D000A1ECFA /* iosNeteaseNewsUITests */,
			);
		};
/* End PBXProject section */

/* Begin PBXResourcesBuildPhase section */
		181D52701CBD32D000A1ECFA /* Resources */ = {
			isa = PBXResourcesBuildPhase;
			buildActionMask = 2147483647;
			files = (
				181D52851CBD32D000A1ECFA /* LaunchScreen.storyboard in Resources */,
				181D52821CBD32D000A1ECFA /* Assets.xcassets in Resources */,
				181D52801CBD32D000A1ECFA /* Main.storyboard in Resources */,
			);
			runOnlyForDeploymentPostprocessing = 0;
		};
		181D52891CBD32D000A1ECFA /* Resources */ = {
			isa = PBXResourcesBuildPhase;
			buildActionMask = 2147483647;
			files = (
			);
			runOnlyForDeploymentPostprocessing = 0;
		};
		181D52941CBD32D000A1ECFA /* Resources */ = {
			isa = PBXResourcesBuildPhase;
			buildActionMask = 2147483647;
			files = (
			);
			runOnlyForDeploymentPostprocessing = 0;
		};
/* End PBXResourcesBuildPhase section */

/* Begin PBXSourcesBuildPhase section */
		181D526E1CBD32D000A1ECFA /* Sources */ = {
			isa = PBXSourcesBuildPhase;
			buildActionMask = 2147483647;
			files = (
				181D527D1CBD32D000A1ECFA /* ViewController.m in Sources */,
				181D527A1CBD32D000A1ECFA /* AppDelegate.m in Sources */,
				181D52771CBD32D000A1ECFA /* main.m in Sources */,
			);
			runOnlyForDeploymentPostprocessing = 0;
		};
		181D52871CBD32D000A1ECFA /* Sources */ = {
			isa = PBXSourcesBuildPhase;
			buildActionMask = 2147483647;
			files = (
				181D52901CBD32D000A1ECFA /* iosNeteaseNewsTests.m in Sources */,
			);
			runOnlyForDeploymentPostprocessing = 0;
		};
		181D52921CBD32D000A1ECFA /* Sources */ = {
			isa = PBXSourcesBuildPhase;
			buildActionMask = 2147483647;
			files = (
				181D529B1CBD32D000A1ECFA /* iosNeteaseNewsUITests.m in Sources */,
			);
			runOnlyForDeploymentPostprocessing = 0;
		};
/* End PBXSourcesBuildPhase section */

/* Begin PBXTargetDependency section */
		181D528D1CBD32D000A1ECFA /* PBXTargetDependency */ = {
			isa = PBXTargetDependency;
			target = 181D52711CBD32D000A1ECFA /* iosNeteaseNews */;
			targetProxy = 181D528C1CBD32D000A1ECFA /* PBXContainerItemProxy */;
		};
		181D52981CBD32D000A1ECFA /* PBXTargetDependency */ = {
			isa = PBXTargetDependency;
			target = 181D52711CBD32D000A1ECFA /* iosNeteaseNews */;
			targetProxy = 181D52971CBD32D000A1ECFA /* PBXContainerItemProxy */;
		};
/* End PBXTargetDependency section */

/* Begin PBXVariantGroup section */
		181D527E1CBD32D000A1ECFA /* Main.storyboard */ = {
			isa = PBXVariantGroup;
			children = (
				181D527F1CBD32D000A1ECFA /* Base */,
			);
			name = Main.storyboard;
			sourceTree = "<group>";
		};
		181D52831CBD32D000A1ECFA /* LaunchScreen.storyboard */ = {
			isa = PBXVariantGroup;
			children = (
				181D52841CBD32D000A1ECFA /* Base */,
			);
			name = LaunchScreen.storyboard;
			sourceTree = "<group>";
		};
/* End PBXVariantGroup section */

/* Begin XCBuildConfiguration section */
		181D529D1CBD32D000A1ECFA /* Debug */ = {
			isa = XCBuildConfiguration;
			buildSettings = {
				ALWAYS_SEARCH_USER_PATHS = NO;
				CLANG_CXX_LANGUAGE_STANDARD = "gnu++0x";
				CLANG_CXX_LIBRARY = "libc++";
				CLANG_ENABLE_MODULES = YES;
				CLANG_ENABLE_OBJC_ARC = YES;
				CLANG_WARN_BOOL_CONVERSION = YES;
				CLANG_WARN_CONSTANT_CONVERSION = YES;
				CLANG_WARN_DIRECT_OBJC_ISA_USAGE = YES_ERROR;
				CLANG_WARN_EMPTY_BODY = YES;
				CLANG_WARN_ENUM_CONVERSION = YES;
				CLANG_WARN_INT_CONVERSION = YES;
				CLANG_WARN_OBJC_ROOT_CLASS = YES_ERROR;
				CLANG_WARN_UNREACHABLE_CODE = YES;
				CLANG_WARN__DUPLICATE_METHOD_MATCH = YES;
				"CODE_SIGN_IDENTITY[sdk=iphoneos*]" = "iPhone Developer";
				COPY_PHASE_STRIP = NO;
				DEBUG_INFORMATION_FORMAT = dwarf;
				ENABLE_STRICT_OBJC_MSGSEND = YES;
				ENABLE_TESTABILITY = YES;
				GCC_C_LANGUAGE_STANDARD = gnu99;
				GCC_DYNAMIC_NO_PIC = NO;
				GCC_NO_COMMON_BLOCKS = YES;
				GCC_OPTIMIZATION_LEVEL = 0;
				GCC_PREPROCESSOR_DEFINITIONS = (
					"DEBUG=1",
					"$(inherited)",
				);
				GCC_WARN_64_TO_32_BIT_CONVERSION = YES;
				GCC_WARN_ABOUT_RETURN_TYPE = YES_ERROR;
				GCC_WARN_UNDECLARED_SELECTOR = YES;
				GCC_WARN_UNINITIALIZED_AUTOS = YES_AGGRESSIVE;
				GCC_WARN_UNUSED_FUNCTION = YES;
				GCC_WARN_UNUSED_VARIABLE = YES;
				IPHONEOS_DEPLOYMENT_TARGET = 9.1;
				MTL_ENABLE_DEBUG_INFO = YES;
				ONLY_ACTIVE_ARCH = YES;
				SDKROOT = iphoneos;
			};
			name = Debug;
		};
		181D529E1CBD32D000A1ECFA /* Release */ = {
			isa = XCBuildConfiguration;
			buildSettings = {
				ALWAYS_SEARCH_USER_PATHS = NO;
				CLANG_CXX_LANGUAGE_STANDARD = "gnu++0x";
				CLANG_CXX_LIBRARY = "libc++";
				CLANG_ENABLE_MODULES = YES;
				CLANG_ENABLE_OBJC_ARC = YES;
				CLANG_WARN_BOOL_CONVERSION = YES;
				CLANG_WARN_CONSTANT_CONVERSION = YES;
				CLANG_WARN_DIRECT_OBJC_ISA_USAGE = YES_ERROR;
				CLANG_WARN_EMPTY_BODY = YES;
				CLANG_WARN_ENUM_CONVERSION = YES;
				CLANG_WARN_INT_CONVERSION = YES;
				CLANG_WARN_OBJC_ROOT_CLASS = YES_ERROR;
				CLANG_WARN_UNREACHABLE_CODE = YES;
				CLANG_WARN__DUPLICATE_METHOD_MATCH = YES;
				"CODE_SIGN_IDENTITY[sdk=iphoneos*]" = "iPhone Developer";
				COPY_PHASE_STRIP = NO;
				DEBUG_INFORMATION_FORMAT = "dwarf-with-dsym";
				ENABLE_NS_ASSERTIONS = NO;
				ENABLE_STRICT_OBJC_MSGSEND = YES;
				GCC_C_LANGUAGE_STANDARD = gnu99;
				GCC_NO_COMMON_BLOCKS = YES;
				GCC_WARN_64_TO_32_BIT_CONVERSION = YES;
				GCC_WARN_ABOUT_RETURN_TYPE = YES_ERROR;
				GCC_WARN_UNDECLARED_SELECTOR = YES;
				GCC_WARN_UNINITIALIZED_AUTOS = YES_AGGRESSIVE;
				GCC_WARN_UNUSED_FUNCTION = YES;
				GCC_WARN_UNUSED_VARIABLE = YES;
				IPHONEOS_DEPLOYMENT_TARGET = 9.1;
				MTL_ENABLE_DEBUG_INFO = NO;
				SDKROOT = iphoneos;
				VALIDATE_PRODUCT = YES;
			};
			name = Release;
		};
		181D52A01CBD32D000A1ECFA /* Debug */ = {
			isa = XCBuildConfiguration;
			buildSettings = {
				ASSETCATALOG_COMPILER_APPICON_NAME = AppIcon;
				INFOPLIST_FILE = iosNeteaseNews/Info.plist;
				LD_RUNPATH_SEARCH_PATHS = "$(inherited) @executable_path/Frameworks";
				PRODUCT_BUNDLE_IDENTIFIER = text.iosNeteaseNews;
				PRODUCT_NAME = "$(TARGET_NAME)";
			};
			name = Debug;
		};
		181D52A11CBD32D000A1ECFA /* Release */ = {
			isa = XCBuildConfiguration;
			buildSettings = {
				ASSETCATALOG_COMPILER_APPICON_NAME = AppIcon;
				INFOPLIST_FILE = iosNeteaseNews/Info.plist;
				LD_RUNPATH_SEARCH_PATHS = "$(inherited) @executable_path/Frameworks";
				PRODUCT_BUNDLE_IDENTIFIER = text.iosNeteaseNews;
				PRODUCT_NAME = "$(TARGET_NAME)";
			};
			name = Release;
		};
		181D52A31CBD32D000A1ECFA /* Debug */ = {
			isa = XCBuildConfiguration;
			buildSettings = {
				BUNDLE_LOADER = "$(TEST_HOST)";
				INFOPLIST_FILE = iosNeteaseNewsTests/Info.plist;
				LD_RUNPATH_SEARCH_PATHS = "$(inherited) @executable_path/Frameworks @loader_path/Frameworks";
				PRODUCT_BUNDLE_IDENTIFIER = text.iosNeteaseNewsTests;
				PRODUCT_NAME = "$(TARGET_NAME)";
				TEST_HOST = "$(BUILT_PRODUCTS_DIR)/iosNeteaseNews.app/iosNeteaseNews";
			};
			name = Debug;
		};
		181D52A41CBD32D000A1ECFA /* Release */ = {
			isa = XCBuildConfiguration;
			buildSettings = {
				BUNDLE_LOADER = "$(TEST_HOST)";
				INFOPLIST_FILE = iosNeteaseNewsTests/Info.plist;
				LD_RUNPATH_SEARCH_PATHS = "$(inherited) @executable_path/Frameworks @loader_path/Frameworks";
				PRODUCT_BUNDLE_IDENTIFIER = text.iosNeteaseNewsTests;
				PRODUCT_NAME = "$(TARGET_NAME)";
				TEST_HOST = "$(BUILT_PRODUCTS_DIR)/iosNeteaseNews.app/iosNeteaseNews";
			};
			name = Release;
		};
		181D52A61CBD32D000A1ECFA /* Debug */ = {
			isa = XCBuildConfiguration;
			buildSettings = {
				INFOPLIST_FILE = iosNeteaseNewsUITests/Info.plist;
				LD_RUNPATH_SEARCH_PATHS = "$(inherited) @executable_path/Frameworks @loader_path/Frameworks";
				PRODUCT_BUNDLE_IDENTIFIER = text.iosNeteaseNewsUITests;
				PRODUCT_NAME = "$(TARGET_NAME)";
				TEST_TARGET_NAME = iosNeteaseNews;
				USES_XCTRUNNER = YES;
			};
			name = Debug;
		};
		181D52A71CBD32D000A1ECFA /* Release */ = {
			isa = XCBuildConfiguration;
			buildSettings = {
				INFOPLIST_FILE = iosNeteaseNewsUITests/Info.plist;
				LD_RUNPATH_SEARCH_PATHS = "$(inherited) @executable_path/Frameworks @loader_path/Frameworks";
				PRODUCT_BUNDLE_IDENTIFIER = text.iosNeteaseNewsUITests;
				PRODUCT_NAME = "$(TARGET_NAME)";
				TEST_TARGET_NAME = iosNeteaseNews;
				USES_XCTRUNNER = YES;
			};
			name = Release;
		};
/* End XCBuildConfiguration section */

/* Begin XCConfigurationList section */
		181D526D1CBD32D000A1ECFA /* Build configuration list for PBXProject "iosNeteaseNews" */ = {
			isa = XCConfigurationList;
			buildConfigurations = (
				181D529D1CBD32D000A1ECFA /* Debug */,
				181D529E1CBD32D000A1ECFA /* Release */,
			);
			defaultConfigurationIsVisible = 0;
			defaultConfigurationName = Release;
		};
		181D529F1CBD32D000A1ECFA /* Build configuration list for PBXNativeTarget "iosNeteaseNews" */ = {
			isa = XCConfigurationList;
			buildConfigurations = (
				181D52A01CBD32D000A1ECFA /* Debug */,
				181D52A11CBD32D000A1ECFA /* Release */,
			);
			defaultConfigurationIsVisible = 0;
		};
		181D52A21CBD32D000A1ECFA /* Build configuration list for PBXNativeTarget "iosNeteaseNewsTests" */ = {
			isa = XCConfigurationList;
			buildConfigurations = (
				181D52A31CBD32D000A1ECFA /* Debug */,
				181D52A41CBD32D000A1ECFA /* Release */,
			);
			defaultConfigurationIsVisible = 0;
		};
		181D52A51CBD32D000A1ECFA /* Build configuration list for PBXNativeTarget "iosNeteaseNewsUITests" */ = {
			isa = XCConfigurationList;
			buildConfigurations = (
				181D52A61CBD32D000A1ECFA /* Debug */,
				181D52A71CBD32D000A1ECFA /* Release */,
			);
			defaultConfigurationIsVisible = 0;
		};
/* End XCConfigurationList section */
	};
	rootObject = 181D526A1CBD32D000A1ECFA /* Project object */;
}
